{
  "object": {
    "pins": [
      {
        "package": "AnyCodable",
        "repositoryURL": "https://github.com/Flight-School/AnyCodable",
        "state": {
          "branch": null,
          "revision": "862808b2070cd908cb04f9aafe7de83d35f81b05",
          "version": "0.6.7"
        }
      },
      {
        "package": "BasisTheory",
        "repositoryURL": "https://github.com/Basis-Theory/basistheory-swift",
        "state": {
          "branch": null,
          "revision": "bf18937db09350893f02fd853b50ffd873dd4559",
          "version": "0.6.1"
        }
      },
      {
        "package": "Datadog",
        "repositoryURL": "https://github.com/Datadog/dd-sdk-ios.git",
        "state": {
          "branch": null,
          "revision": "6418c623b0a91b9ac7a9d91c1c61ccc0aa2bf668",
          "version": "1.16.0"
        }
      },
      {
        "package": "PLCrashReporter",
        "repositoryURL": "https://github.com/microsoft/plcrashreporter.git",
        "state": {
          "branch": null,
          "revision": "b1a342da19ed9b3af61ea2efa7656c2af30aeb7c",
          "version": "1.11.0"
        }
      }
    ]
  },
  "version": 1
}
