// !$*UTF8*$!
{
	archiveVersion = 1;
	classes = {
	};
	objectVersion = 56;
	objects = {

/* Begin PBXBuildFile section */
		9245768928FF46C100A01E70 /* AppDelegate.swift in Sources */ = {isa = PBXBuildFile; fileRef = 9245768828FF46C100A01E70 /* AppDelegate.swift */; };
		9245768B28FF46C100A01E70 /* SceneDelegate.swift in Sources */ = {isa = PBXBuildFile; fileRef = 9245768A28FF46C100A01E70 /* SceneDelegate.swift */; };
		9245768D28FF46C100A01E70 /* ViewController.swift in Sources */ = {isa = PBXBuildFile; fileRef = 9245768C28FF46C100A01E70 /* ViewController.swift */; };
		9245769028FF46C100A01E70 /* Main.storyboard in Resources */ = {isa = PBXBuildFile; fileRef = 9245768E28FF46C100A01E70 /* Main.storyboard */; };
		9245769228FF46C200A01E70 /* Assets.xcassets in Resources */ = {isa = PBXBuildFile; fileRef = 9245769128FF46C200A01E70 /* Assets.xcassets */; };
		9245769528FF46C200A01E70 /* LaunchScreen.storyboard in Resources */ = {isa = PBXBuildFile; fileRef = 9245769328FF46C200A01E70 /* LaunchScreen.storyboard */; };
		924576A028FF46C200A01E70 /* IntegrationTesterTests.swift in Sources */ = {isa = PBXBuildFile; fileRef = 9245769F28FF46C200A01E70 /* IntegrationTesterTests.swift */; };
		924576AA28FF46C200A01E70 /* IntegrationTesterUITests.swift in Sources */ = {isa = PBXBuildFile; fileRef = 924576A928FF46C200A01E70 /* IntegrationTesterUITests.swift */; };
		924576AC28FF46C200A01E70 /* IntegrationTesterUITestsLaunchTests.swift in Sources */ = {isa = PBXBuildFile; fileRef = 924576AB28FF46C200A01E70 /* IntegrationTesterUITestsLaunchTests.swift */; };
		924576C629004B8200A01E70 /* Env.Local.plist in Resources */ = {isa = PBXBuildFile; fileRef = 924576C529004B8200A01E70 /* Env.Local.plist */; };
		924576C829004C4D00A01E70 /* Env.plist.example in Resources */ = {isa = PBXBuildFile; fileRef = 924576C729004C4D00A01E70 /* Env.plist.example */; };
		924576CA2900515B00A01E70 /* Env.CI.plist in Resources */ = {isa = PBXBuildFile; fileRef = 924576C92900515B00A01E70 /* Env.CI.plist */; };
		924576CC2900519900A01E70 /* Configuration.swift in Sources */ = {isa = PBXBuildFile; fileRef = 924576CB2900519900A01E70 /* Configuration.swift */; };
		926E39FB290209D3007A64E1 /* BasisTheoryElements in Frameworks */ = {isa = PBXBuildFile; productRef = 926E39FA290209D3007A64E1 /* BasisTheoryElements */; };
		BFBC376AB93FFD2C40F5E1E7 /* libPods-IntegrationTesterUITests.a in Frameworks */ = {isa = PBXBuildFile; fileRef = 6702461FEA1D9869379CA7FC /* libPods-IntegrationTesterUITests.a */; };
/* End PBXBuildFile section */

/* Begin PBXContainerItemProxy section */
		9245769C28FF46C200A01E70 /* PBXContainerItemProxy */ = {
			isa = PBXContainerItemProxy;
			containerPortal = 9245767D28FF46C100A01E70 /* Project object */;
			proxyType = 1;
			remoteGlobalIDString = 9245768428FF46C100A01E70;
			remoteInfo = IntegrationTester;
		};
		924576A628FF46C200A01E70 /* PBXContainerItemProxy */ = {
			isa = PBXContainerItemProxy;
			containerPortal = 9245767D28FF46C100A01E70 /* Project object */;
			proxyType = 1;
			remoteGlobalIDString = 9245768428FF46C100A01E70;
			remoteInfo = IntegrationTester;
		};
/* End PBXContainerItemProxy section */

/* Begin PBXFileReference section */
		0ABCA439638AF2CE853D88F0 /* Pods-IntegrationTesterUITests.release.xcconfig */ = {isa = PBXFileReference; includeInIndex = 1; lastKnownFileType = text.xcconfig; name = "Pods-IntegrationTesterUITests.release.xcconfig"; path = "Target Support Files/Pods-IntegrationTesterUITests/Pods-IntegrationTesterUITests.release.xcconfig"; sourceTree = "<group>"; };
		1BC339317CC68C3EFDD88D83 /* Pods-IntegrationTesterUITests.debug.xcconfig */ = {isa = PBXFileReference; includeInIndex = 1; lastKnownFileType = text.xcconfig; name = "Pods-IntegrationTesterUITests.debug.xcconfig"; path = "Target Support Files/Pods-IntegrationTesterUITests/Pods-IntegrationTesterUITests.debug.xcconfig"; sourceTree = "<group>"; };
		6702461FEA1D9869379CA7FC /* libPods-IntegrationTesterUITests.a */ = {isa = PBXFileReference; explicitFileType = archive.ar; includeInIndex = 0; path = "libPods-IntegrationTesterUITests.a"; sourceTree = BUILT_PRODUCTS_DIR; };
		8978E7C6996DC0E12EE348A5 /* libPods-IntegrationTester.a */ = {isa = PBXFileReference; explicitFileType = archive.ar; includeInIndex = 0; path = "libPods-IntegrationTester.a"; sourceTree = BUILT_PRODUCTS_DIR; };
		9245768528FF46C100A01E70 /* IntegrationTester.app */ = {isa = PBXFileReference; explicitFileType = wrapper.application; includeInIndex = 0; path = IntegrationTester.app; sourceTree = BUILT_PRODUCTS_DIR; };
		9245768828FF46C100A01E70 /* AppDelegate.swift */ = {isa = PBXFileReference; lastKnownFileType = sourcecode.swift; path = AppDelegate.swift; sourceTree = "<group>"; };
		9245768A28FF46C100A01E70 /* SceneDelegate.swift */ = {isa = PBXFileReference; lastKnownFileType = sourcecode.swift; path = SceneDelegate.swift; sourceTree = "<group>"; };
		9245768C28FF46C100A01E70 /* ViewController.swift */ = {isa = PBXFileReference; lastKnownFileType = sourcecode.swift; path = ViewController.swift; sourceTree = "<group>"; };
		9245768F28FF46C100A01E70 /* Base */ = {isa = PBXFileReference; lastKnownFileType = file.storyboard; name = Base; path = Base.lproj/Main.storyboard; sourceTree = "<group>"; };
		9245769128FF46C200A01E70 /* Assets.xcassets */ = {isa = PBXFileReference; lastKnownFileType = folder.assetcatalog; path = Assets.xcassets; sourceTree = "<group>"; };
		9245769428FF46C200A01E70 /* Base */ = {isa = PBXFileReference; lastKnownFileType = file.storyboard; name = Base; path = Base.lproj/LaunchScreen.storyboard; sourceTree = "<group>"; };
		9245769628FF46C200A01E70 /* Info.plist */ = {isa = PBXFileReference; lastKnownFileType = text.plist.xml; path = Info.plist; sourceTree = "<group>"; };
		9245769B28FF46C200A01E70 /* IntegrationTesterTests.xctest */ = {isa = PBXFileReference; explicitFileType = wrapper.cfbundle; includeInIndex = 0; path = IntegrationTesterTests.xctest; sourceTree = BUILT_PRODUCTS_DIR; };
		9245769F28FF46C200A01E70 /* IntegrationTesterTests.swift */ = {isa = PBXFileReference; lastKnownFileType = sourcecode.swift; path = IntegrationTesterTests.swift; sourceTree = "<group>"; };
		924576A528FF46C200A01E70 /* IntegrationTesterUITests.xctest */ = {isa = PBXFileReference; explicitFileType = wrapper.cfbundle; includeInIndex = 0; path = IntegrationTesterUITests.xctest; sourceTree = BUILT_PRODUCTS_DIR; };
		924576A928FF46C200A01E70 /* IntegrationTesterUITests.swift */ = {isa = PBXFileReference; lastKnownFileType = sourcecode.swift; path = IntegrationTesterUITests.swift; sourceTree = "<group>"; };
		924576AB28FF46C200A01E70 /* IntegrationTesterUITestsLaunchTests.swift */ = {isa = PBXFileReference; lastKnownFileType = sourcecode.swift; path = IntegrationTesterUITestsLaunchTests.swift; sourceTree = "<group>"; };
		924576BC28FF606C00A01E70 /* Podfile */ = {isa = PBXFileReference; lastKnownFileType = text; path = Podfile; sourceTree = "<group>"; xcLanguageSpecificationIdentifier = xcode.lang.ruby; };
		924576BD28FF6BCA00A01E70 /* libEarlGreyTest.a */ = {isa = PBXFileReference; explicitFileType = archive.ar; path = libEarlGreyTest.a; sourceTree = BUILT_PRODUCTS_DIR; };
		924576BF28FF6BCA00A01E70 /* libPods-IntegrationTester.a */ = {isa = PBXFileReference; explicitFileType = archive.ar; path = "libPods-IntegrationTester.a"; sourceTree = BUILT_PRODUCTS_DIR; };
		924576C529004B8200A01E70 /* Env.Local.plist */ = {isa = PBXFileReference; lastKnownFileType = text.plist.xml; path = Env.Local.plist; sourceTree = "<group>"; };
		924576C729004C4D00A01E70 /* Env.plist.example */ = {isa = PBXFileReference; fileEncoding = 4; lastKnownFileType = text.xml; path = Env.plist.example; sourceTree = "<group>"; };
		924576C92900515B00A01E70 /* Env.CI.plist */ = {isa = PBXFileReference; fileEncoding = 4; lastKnownFileType = text.plist.xml; path = Env.CI.plist; sourceTree = "<group>"; };
		924576CB2900519900A01E70 /* Configuration.swift */ = {isa = PBXFileReference; lastKnownFileType = sourcecode.swift; path = Configuration.swift; sourceTree = "<group>"; };
		926E39F9290209C3007A64E1 /* BasisTheoryElements */ = {isa = PBXFileReference; lastKnownFileType = wrapper; name = BasisTheoryElements; path = ../BasisTheoryElements; sourceTree = "<group>"; };
		B51C61EE4217BFF8CFD1298B /* Pods-IntegrationTester.release.xcconfig */ = {isa = PBXFileReference; includeInIndex = 1; lastKnownFileType = text.xcconfig; name = "Pods-IntegrationTester.release.xcconfig"; path = "Target Support Files/Pods-IntegrationTester/Pods-IntegrationTester.release.xcconfig"; sourceTree = "<group>"; };
		CFC24AA4D8C3339579843A92 /* Pods-IntegrationTester.debug.xcconfig */ = {isa = PBXFileReference; includeInIndex = 1; lastKnownFileType = text.xcconfig; name = "Pods-IntegrationTester.debug.xcconfig"; path = "Target Support Files/Pods-IntegrationTester/Pods-IntegrationTester.debug.xcconfig"; sourceTree = "<group>"; };
		DCBF495F76F3088914EC34CB /* EarlGrey.framework */ = {isa = PBXFileReference; lastKnownFileType = wrapper.framework; name = EarlGrey.framework; path = Pods/EarlGrey/EarlGrey/EarlGrey.framework; sourceTree = SOURCE_ROOT; };
/* End PBXFileReference section */

/* Begin PBXFrameworksBuildPhase section */
		9245768228FF46C100A01E70 /* Frameworks */ = {
			isa = PBXFrameworksBuildPhase;
			buildActionMask = 2147483647;
			files = (
				926E39FB290209D3007A64E1 /* BasisTheoryElements in Frameworks */,
			);
			runOnlyForDeploymentPostprocessing = 0;
		};
		9245769828FF46C200A01E70 /* Frameworks */ = {
			isa = PBXFrameworksBuildPhase;
			buildActionMask = 2147483647;
			files = (
			);
			runOnlyForDeploymentPostprocessing = 0;
		};
		924576A228FF46C200A01E70 /* Frameworks */ = {
			isa = PBXFrameworksBuildPhase;
			buildActionMask = 2147483647;
			files = (
				BFBC376AB93FFD2C40F5E1E7 /* libPods-IntegrationTesterUITests.a in Frameworks */,
			);
			runOnlyForDeploymentPostprocessing = 0;
		};
/* End PBXFrameworksBuildPhase section */

/* Begin PBXGroup section */
		9245767C28FF46C100A01E70 = {
			isa = PBXGroup;
			children = (
				926E39F9290209C3007A64E1 /* BasisTheoryElements */,
				924576CB2900519900A01E70 /* Configuration.swift */,
				924576C92900515B00A01E70 /* Env.CI.plist */,
				924576C729004C4D00A01E70 /* Env.plist.example */,
				924576C529004B8200A01E70 /* Env.Local.plist */,
				924576BC28FF606C00A01E70 /* Podfile */,
				9245768728FF46C100A01E70 /* IntegrationTester */,
				9245769E28FF46C200A01E70 /* IntegrationTesterTests */,
				924576A828FF46C200A01E70 /* IntegrationTesterUITests */,
				9245768628FF46C100A01E70 /* Products */,
				924576B928FF475100A01E70 /* Frameworks */,
				D412EB762ACF1148FA7A8A1B /* Pods */,
			);
			sourceTree = "<group>";
		};
		9245768628FF46C100A01E70 /* Products */ = {
			isa = PBXGroup;
			children = (
				9245768528FF46C100A01E70 /* IntegrationTester.app */,
				9245769B28FF46C200A01E70 /* IntegrationTesterTests.xctest */,
				924576A528FF46C200A01E70 /* IntegrationTesterUITests.xctest */,
			);
			name = Products;
			sourceTree = "<group>";
		};
		9245768728FF46C100A01E70 /* IntegrationTester */ = {
			isa = PBXGroup;
			children = (
				9245768828FF46C100A01E70 /* AppDelegate.swift */,
				9245768A28FF46C100A01E70 /* SceneDelegate.swift */,
				9245768C28FF46C100A01E70 /* ViewController.swift */,
				9245768E28FF46C100A01E70 /* Main.storyboard */,
				9245769128FF46C200A01E70 /* Assets.xcassets */,
				9245769328FF46C200A01E70 /* LaunchScreen.storyboard */,
				9245769628FF46C200A01E70 /* Info.plist */,
			);
			path = IntegrationTester;
			sourceTree = "<group>";
		};
		9245769E28FF46C200A01E70 /* IntegrationTesterTests */ = {
			isa = PBXGroup;
			children = (
				9245769F28FF46C200A01E70 /* IntegrationTesterTests.swift */,
			);
			path = IntegrationTesterTests;
			sourceTree = "<group>";
		};
		924576A828FF46C200A01E70 /* IntegrationTesterUITests */ = {
			isa = PBXGroup;
			children = (
				924576A928FF46C200A01E70 /* IntegrationTesterUITests.swift */,
				924576AB28FF46C200A01E70 /* IntegrationTesterUITestsLaunchTests.swift */,
			);
			path = IntegrationTesterUITests;
			sourceTree = "<group>";
		};
		924576B928FF475100A01E70 /* Frameworks */ = {
			isa = PBXGroup;
			children = (
				924576BD28FF6BCA00A01E70 /* libEarlGreyTest.a */,
				924576BF28FF6BCA00A01E70 /* libPods-IntegrationTester.a */,
				DCBF495F76F3088914EC34CB /* EarlGrey.framework */,
				8978E7C6996DC0E12EE348A5 /* libPods-IntegrationTester.a */,
				6702461FEA1D9869379CA7FC /* libPods-IntegrationTesterUITests.a */,
			);
			name = Frameworks;
			sourceTree = "<group>";
		};
		D412EB762ACF1148FA7A8A1B /* Pods */ = {
			isa = PBXGroup;
			children = (
				CFC24AA4D8C3339579843A92 /* Pods-IntegrationTester.debug.xcconfig */,
				B51C61EE4217BFF8CFD1298B /* Pods-IntegrationTester.release.xcconfig */,
				1BC339317CC68C3EFDD88D83 /* Pods-IntegrationTesterUITests.debug.xcconfig */,
				0ABCA439638AF2CE853D88F0 /* Pods-IntegrationTesterUITests.release.xcconfig */,
			);
			path = Pods;
			sourceTree = "<group>";
		};
/* End PBXGroup section */

/* Begin PBXNativeTarget section */
		9245768428FF46C100A01E70 /* IntegrationTester */ = {
			isa = PBXNativeTarget;
			buildConfigurationList = 924576AF28FF46C200A01E70 /* Build configuration list for PBXNativeTarget "IntegrationTester" */;
			buildPhases = (
				83A32FCB294B4B526D911C48 /* [CP] Check Pods Manifest.lock */,
				9245768128FF46C100A01E70 /* Sources */,
				9245768228FF46C100A01E70 /* Frameworks */,
				9245768328FF46C100A01E70 /* Resources */,
				17DF6055779BAC7C4D9415C6 /* [CP] Embed Pods Frameworks */,
			);
			buildRules = (
			);
			dependencies = (
			);
			name = IntegrationTester;
			packageProductDependencies = (
				926E39FA290209D3007A64E1 /* BasisTheoryElements */,
			);
			productName = IntegrationTester;
			productReference = 9245768528FF46C100A01E70 /* IntegrationTester.app */;
			productType = "com.apple.product-type.application";
		};
		9245769A28FF46C200A01E70 /* IntegrationTesterTests */ = {
			isa = PBXNativeTarget;
			buildConfigurationList = 924576B228FF46C200A01E70 /* Build configuration list for PBXNativeTarget "IntegrationTesterTests" */;
			buildPhases = (
				9245769728FF46C200A01E70 /* Sources */,
				9245769828FF46C200A01E70 /* Frameworks */,
				9245769928FF46C200A01E70 /* Resources */,
			);
			buildRules = (
			);
			dependencies = (
				9245769D28FF46C200A01E70 /* PBXTargetDependency */,
			);
			name = IntegrationTesterTests;
			productName = IntegrationTesterTests;
			productReference = 9245769B28FF46C200A01E70 /* IntegrationTesterTests.xctest */;
			productType = "com.apple.product-type.bundle.unit-test";
		};
		924576A428FF46C200A01E70 /* IntegrationTesterUITests */ = {
			isa = PBXNativeTarget;
			buildConfigurationList = 924576B528FF46C200A01E70 /* Build configuration list for PBXNativeTarget "IntegrationTesterUITests" */;
			buildPhases = (
				2994CE24254CB063FD4831A9 /* [CP] Check Pods Manifest.lock */,
				924576A128FF46C200A01E70 /* Sources */,
				924576A228FF46C200A01E70 /* Frameworks */,
				924576A328FF46C200A01E70 /* Resources */,
			);
			buildRules = (
			);
			dependencies = (
				924576A728FF46C200A01E70 /* PBXTargetDependency */,
			);
			name = IntegrationTesterUITests;
			productName = IntegrationTesterUITests;
			productReference = 924576A528FF46C200A01E70 /* IntegrationTesterUITests.xctest */;
			productType = "com.apple.product-type.bundle.ui-testing";
		};
/* End PBXNativeTarget section */

/* Begin PBXProject section */
		9245767D28FF46C100A01E70 /* Project object */ = {
			isa = PBXProject;
			attributes = {
				BuildIndependentTargetsInParallel = 1;
				LastSwiftUpdateCheck = 1400;
				LastUpgradeCheck = 1400;
				TargetAttributes = {
					9245768428FF46C100A01E70 = {
						CreatedOnToolsVersion = 14.0.1;
					};
					9245769A28FF46C200A01E70 = {
						CreatedOnToolsVersion = 14.0.1;
						TestTargetID = 9245768428FF46C100A01E70;
					};
					924576A428FF46C200A01E70 = {
						CreatedOnToolsVersion = 14.0.1;
						TestTargetID = 9245768428FF46C100A01E70;
					};
				};
			};
			buildConfigurationList = 9245768028FF46C100A01E70 /* Build configuration list for PBXProject "IntegrationTester" */;
			compatibilityVersion = "Xcode 14.0";
			developmentRegion = en;
			hasScannedForEncodings = 0;
			knownRegions = (
				en,
				Base,
			);
			mainGroup = 9245767C28FF46C100A01E70;
			productRefGroup = 9245768628FF46C100A01E70 /* Products */;
			projectDirPath = "";
			projectRoot = "";
			targets = (
				9245768428FF46C100A01E70 /* IntegrationTester */,
				9245769A28FF46C200A01E70 /* IntegrationTesterTests */,
				924576A428FF46C200A01E70 /* IntegrationTesterUITests */,
			);
		};
/* End PBXProject section */

/* Begin PBXResourcesBuildPhase section */
		9245768328FF46C100A01E70 /* Resources */ = {
			isa = PBXResourcesBuildPhase;
			buildActionMask = 2147483647;
			files = (
				924576C629004B8200A01E70 /* Env.Local.plist in Resources */,
				9245769528FF46C200A01E70 /* LaunchScreen.storyboard in Resources */,
				9245769228FF46C200A01E70 /* Assets.xcassets in Resources */,
				924576C829004C4D00A01E70 /* Env.plist.example in Resources */,
				9245769028FF46C100A01E70 /* Main.storyboard in Resources */,
				924576CA2900515B00A01E70 /* Env.CI.plist in Resources */,
			);
			runOnlyForDeploymentPostprocessing = 0;
		};
		9245769928FF46C200A01E70 /* Resources */ = {
			isa = PBXResourcesBuildPhase;
			buildActionMask = 2147483647;
			files = (
			);
			runOnlyForDeploymentPostprocessing = 0;
		};
		924576A328FF46C200A01E70 /* Resources */ = {
			isa = PBXResourcesBuildPhase;
			buildActionMask = 2147483647;
			files = (
			);
			runOnlyForDeploymentPostprocessing = 0;
		};
/* End PBXResourcesBuildPhase section */

/* Begin PBXShellScriptBuildPhase section */
		17DF6055779BAC7C4D9415C6 /* [CP] Embed Pods Frameworks */ = {
			isa = PBXShellScriptBuildPhase;
			buildActionMask = 2147483647;
			files = (
			);
			inputFileListPaths = (
				"${PODS_ROOT}/Target Support Files/Pods-IntegrationTester/Pods-IntegrationTester-frameworks-${CONFIGURATION}-input-files.xcfilelist",
			);
			name = "[CP] Embed Pods Frameworks";
			outputFileListPaths = (
				"${PODS_ROOT}/Target Support Files/Pods-IntegrationTester/Pods-IntegrationTester-frameworks-${CONFIGURATION}-output-files.xcfilelist",
			);
			runOnlyForDeploymentPostprocessing = 0;
			shellPath = /bin/sh;
			shellScript = "\"${PODS_ROOT}/Target Support Files/Pods-IntegrationTester/Pods-IntegrationTester-frameworks.sh\"\n";
			showEnvVarsInLog = 0;
		};
		2994CE24254CB063FD4831A9 /* [CP] Check Pods Manifest.lock */ = {
			isa = PBXShellScriptBuildPhase;
			buildActionMask = 2147483647;
			files = (
			);
			inputFileListPaths = (
			);
			inputPaths = (
				"${PODS_PODFILE_DIR_PATH}/Podfile.lock",
				"${PODS_ROOT}/Manifest.lock",
			);
			name = "[CP] Check Pods Manifest.lock";
			outputFileListPaths = (
			);
			outputPaths = (
				"$(DERIVED_FILE_DIR)/Pods-IntegrationTesterUITests-checkManifestLockResult.txt",
			);
			runOnlyForDeploymentPostprocessing = 0;
			shellPath = /bin/sh;
			shellScript = "diff \"${PODS_PODFILE_DIR_PATH}/Podfile.lock\" \"${PODS_ROOT}/Manifest.lock\" > /dev/null\nif [ $? != 0 ] ; then\n    # print error to STDERR\n    echo \"error: The sandbox is not in sync with the Podfile.lock. Run 'pod install' or update your CocoaPods installation.\" >&2\n    exit 1\nfi\n# This output is used by Xcode 'outputs' to avoid re-running this script phase.\necho \"SUCCESS\" > \"${SCRIPT_OUTPUT_FILE_0}\"\n";
			showEnvVarsInLog = 0;
		};
		83A32FCB294B4B526D911C48 /* [CP] Check Pods Manifest.lock */ = {
			isa = PBXShellScriptBuildPhase;
			buildActionMask = 2147483647;
			files = (
			);
			inputFileListPaths = (
			);
			inputPaths = (
				"${PODS_PODFILE_DIR_PATH}/Podfile.lock",
				"${PODS_ROOT}/Manifest.lock",
			);
			name = "[CP] Check Pods Manifest.lock";
			outputFileListPaths = (
			);
			outputPaths = (
				"$(DERIVED_FILE_DIR)/Pods-IntegrationTester-checkManifestLockResult.txt",
			);
			runOnlyForDeploymentPostprocessing = 0;
			shellPath = /bin/sh;
			shellScript = "diff \"${PODS_PODFILE_DIR_PATH}/Podfile.lock\" \"${PODS_ROOT}/Manifest.lock\" > /dev/null\nif [ $? != 0 ] ; then\n    # print error to STDERR\n    echo \"error: The sandbox is not in sync with the Podfile.lock. Run 'pod install' or update your CocoaPods installation.\" >&2\n    exit 1\nfi\n# This output is used by Xcode 'outputs' to avoid re-running this script phase.\necho \"SUCCESS\" > \"${SCRIPT_OUTPUT_FILE_0}\"\n";
			showEnvVarsInLog = 0;
		};
/* End PBXShellScriptBuildPhase section */

/* Begin PBXSourcesBuildPhase section */
		9245768128FF46C100A01E70 /* Sources */ = {
			isa = PBXSourcesBuildPhase;
			buildActionMask = 2147483647;
			files = (
				9245768D28FF46C100A01E70 /* ViewController.swift in Sources */,
				9245768928FF46C100A01E70 /* AppDelegate.swift in Sources */,
				924576CC2900519900A01E70 /* Configuration.swift in Sources */,
				9245768B28FF46C100A01E70 /* SceneDelegate.swift in Sources */,
			);
			runOnlyForDeploymentPostprocessing = 0;
		};
		9245769728FF46C200A01E70 /* Sources */ = {
			isa = PBXSourcesBuildPhase;
			buildActionMask = 2147483647;
			files = (
				924576A028FF46C200A01E70 /* IntegrationTesterTests.swift in Sources */,
			);
			runOnlyForDeploymentPostprocessing = 0;
		};
		924576A128FF46C200A01E70 /* Sources */ = {
			isa = PBXSourcesBuildPhase;
			buildActionMask = 2147483647;
			files = (
				924576AC28FF46C200A01E70 /* IntegrationTesterUITestsLaunchTests.swift in Sources */,
				924576AA28FF46C200A01E70 /* IntegrationTesterUITests.swift in Sources */,
			);
			runOnlyForDeploymentPostprocessing = 0;
		};
/* End PBXSourcesBuildPhase section */

/* Begin PBXTargetDependency section */
		9245769D28FF46C200A01E70 /* PBXTargetDependency */ = {
			isa = PBXTargetDependency;
			target = 9245768428FF46C100A01E70 /* IntegrationTester */;
			targetProxy = 9245769C28FF46C200A01E70 /* PBXContainerItemProxy */;
		};
		924576A728FF46C200A01E70 /* PBXTargetDependency */ = {
			isa = PBXTargetDependency;
			target = 9245768428FF46C100A01E70 /* IntegrationTester */;
			targetProxy = 924576A628FF46C200A01E70 /* PBXContainerItemProxy */;
		};
/* End PBXTargetDependency section */

/* Begin PBXVariantGroup section */
		9245768E28FF46C100A01E70 /* Main.storyboard */ = {
			isa = PBXVariantGroup;
			children = (
				9245768F28FF46C100A01E70 /* Base */,
			);
			name = Main.storyboard;
			sourceTree = "<group>";
		};
		9245769328FF46C200A01E70 /* LaunchScreen.storyboard */ = {
			isa = PBXVariantGroup;
			children = (
				9245769428FF46C200A01E70 /* Base */,
			);
			name = LaunchScreen.storyboard;
			sourceTree = "<group>";
		};
/* End PBXVariantGroup section */

/* Begin XCBuildConfiguration section */
		924576AD28FF46C200A01E70 /* Debug */ = {
			isa = XCBuildConfiguration;
			buildSettings = {
				ALWAYS_SEARCH_USER_PATHS = NO;
				CLANG_ANALYZER_NONNULL = YES;
				CLANG_ANALYZER_NUMBER_OBJECT_CONVERSION = YES_AGGRESSIVE;
				CLANG_CXX_LANGUAGE_STANDARD = "gnu++20";
				CLANG_ENABLE_MODULES = YES;
				CLANG_ENABLE_OBJC_ARC = YES;
				CLANG_ENABLE_OBJC_WEAK = YES;
				CLANG_WARN_BLOCK_CAPTURE_AUTORELEASING = YES;
				CLANG_WARN_BOOL_CONVERSION = YES;
				CLANG_WARN_COMMA = YES;
				CLANG_WARN_CONSTANT_CONVERSION = YES;
				CLANG_WARN_DEPRECATED_OBJC_IMPLEMENTATIONS = YES;
				CLANG_WARN_DIRECT_OBJC_ISA_USAGE = YES_ERROR;
				CLANG_WARN_DOCUMENTATION_COMMENTS = YES;
				CLANG_WARN_EMPTY_BODY = YES;
				CLANG_WARN_ENUM_CONVERSION = YES;
				CLANG_WARN_INFINITE_RECURSION = YES;
				CLANG_WARN_INT_CONVERSION = YES;
				CLANG_WARN_NON_LITERAL_NULL_CONVERSION = YES;
				CLANG_WARN_OBJC_IMPLICIT_RETAIN_SELF = YES;
				CLANG_WARN_OBJC_LITERAL_CONVERSION = YES;
				CLANG_WARN_OBJC_ROOT_CLASS = YES_ERROR;
				CLANG_WARN_QUOTED_INCLUDE_IN_FRAMEWORK_HEADER = YES;
				CLANG_WARN_RANGE_LOOP_ANALYSIS = YES;
				CLANG_WARN_STRICT_PROTOTYPES = YES;
				CLANG_WARN_SUSPICIOUS_MOVE = YES;
				CLANG_WARN_UNGUARDED_AVAILABILITY = YES_AGGRESSIVE;
				CLANG_WARN_UNREACHABLE_CODE = YES;
				CLANG_WARN__DUPLICATE_METHOD_MATCH = YES;
				COPY_PHASE_STRIP = NO;
				DEBUG_INFORMATION_FORMAT = dwarf;
				ENABLE_STRICT_OBJC_MSGSEND = YES;
				ENABLE_TESTABILITY = YES;
				EXCLUDED_ARCHS = "";
				GCC_C_LANGUAGE_STANDARD = gnu11;
				GCC_DYNAMIC_NO_PIC = NO;
				GCC_NO_COMMON_BLOCKS = YES;
				GCC_OPTIMIZATION_LEVEL = 0;
				GCC_PREPROCESSOR_DEFINITIONS = (
					"DEBUG=1",
					"$(inherited)",
				);
				GCC_WARN_64_TO_32_BIT_CONVERSION = YES;
				GCC_WARN_ABOUT_RETURN_TYPE = YES_ERROR;
				GCC_WARN_UNDECLARED_SELECTOR = YES;
				GCC_WARN_UNINITIALIZED_AUTOS = YES_AGGRESSIVE;
				GCC_WARN_UNUSED_FUNCTION = YES;
				GCC_WARN_UNUSED_VARIABLE = YES;
				IPHONEOS_DEPLOYMENT_TARGET = 16.0;
				MTL_ENABLE_DEBUG_INFO = INCLUDE_SOURCE;
				MTL_FAST_MATH = YES;
				ONLY_ACTIVE_ARCH = YES;
				SDKROOT = iphoneos;
				SWIFT_ACTIVE_COMPILATION_CONDITIONS = DEBUG;
				SWIFT_OPTIMIZATION_LEVEL = "-Onone";
			};
			name = Debug;
		};
		924576AE28FF46C200A01E70 /* Release */ = {
			isa = XCBuildConfiguration;
			buildSettings = {
				ALWAYS_SEARCH_USER_PATHS = NO;
				CLANG_ANALYZER_NONNULL = YES;
				CLANG_ANALYZER_NUMBER_OBJECT_CONVERSION = YES_AGGRESSIVE;
				CLANG_CXX_LANGUAGE_STANDARD = "gnu++20";
				CLANG_ENABLE_MODULES = YES;
				CLANG_ENABLE_OBJC_ARC = YES;
				CLANG_ENABLE_OBJC_WEAK = YES;
				CLANG_WARN_BLOCK_CAPTURE_AUTORELEASING = YES;
				CLANG_WARN_BOOL_CONVERSION = YES;
				CLANG_WARN_COMMA = YES;
				CLANG_WARN_CONSTANT_CONVERSION = YES;
				CLANG_WARN_DEPRECATED_OBJC_IMPLEMENTATIONS = YES;
				CLANG_WARN_DIRECT_OBJC_ISA_USAGE = YES_ERROR;
				CLANG_WARN_DOCUMENTATION_COMMENTS = YES;
				CLANG_WARN_EMPTY_BODY = YES;
				CLANG_WARN_ENUM_CONVERSION = YES;
				CLANG_WARN_INFINITE_RECURSION = YES;
				CLANG_WARN_INT_CONVERSION = YES;
				CLANG_WARN_NON_LITERAL_NULL_CONVERSION = YES;
				CLANG_WARN_OBJC_IMPLICIT_RETAIN_SELF = YES;
				CLANG_WARN_OBJC_LITERAL_CONVERSION = YES;
				CLANG_WARN_OBJC_ROOT_CLASS = YES_ERROR;
				CLANG_WARN_QUOTED_INCLUDE_IN_FRAMEWORK_HEADER = YES;
				CLANG_WARN_RANGE_LOOP_ANALYSIS = YES;
				CLANG_WARN_STRICT_PROTOTYPES = YES;
				CLANG_WARN_SUSPICIOUS_MOVE = YES;
				CLANG_WARN_UNGUARDED_AVAILABILITY = YES_AGGRESSIVE;
				CLANG_WARN_UNREACHABLE_CODE = YES;
				CLANG_WARN__DUPLICATE_METHOD_MATCH = YES;
				COPY_PHASE_STRIP = NO;
				DEBUG_INFORMATION_FORMAT = "dwarf-with-dsym";
				ENABLE_NS_ASSERTIONS = NO;
				ENABLE_STRICT_OBJC_MSGSEND = YES;
				EXCLUDED_ARCHS = "";
				GCC_C_LANGUAGE_STANDARD = gnu11;
				GCC_NO_COMMON_BLOCKS = YES;
				GCC_WARN_64_TO_32_BIT_CONVERSION = YES;
				GCC_WARN_ABOUT_RETURN_TYPE = YES_ERROR;
				GCC_WARN_UNDECLARED_SELECTOR = YES;
				GCC_WARN_UNINITIALIZED_AUTOS = YES_AGGRESSIVE;
				GCC_WARN_UNUSED_FUNCTION = YES;
				GCC_WARN_UNUSED_VARIABLE = YES;
				IPHONEOS_DEPLOYMENT_TARGET = 16.0;
				MTL_ENABLE_DEBUG_INFO = NO;
				MTL_FAST_MATH = YES;
				ONLY_ACTIVE_ARCH = NO;
				SDKROOT = iphoneos;
				SWIFT_COMPILATION_MODE = wholemodule;
				SWIFT_OPTIMIZATION_LEVEL = "-O";
				VALIDATE_PRODUCT = YES;
			};
			name = Release;
		};
		924576B028FF46C200A01E70 /* Debug */ = {
			isa = XCBuildConfiguration;
			baseConfigurationReference = CFC24AA4D8C3339579843A92 /* Pods-IntegrationTester.debug.xcconfig */;
			buildSettings = {
				ALWAYS_EMBED_SWIFT_STANDARD_LIBRARIES = NO;
				ASSETCATALOG_COMPILER_APPICON_NAME = AppIcon;
				ASSETCATALOG_COMPILER_GLOBAL_ACCENT_COLOR_NAME = AccentColor;
				CODE_SIGN_STYLE = Automatic;
				CURRENT_PROJECT_VERSION = 1;
				GENERATE_INFOPLIST_FILE = YES;
				INFOPLIST_FILE = IntegrationTester/Info.plist;
				INFOPLIST_KEY_UIApplicationSupportsIndirectInputEvents = YES;
				INFOPLIST_KEY_UILaunchStoryboardName = LaunchScreen;
				INFOPLIST_KEY_UIMainStoryboardFile = Main;
				INFOPLIST_KEY_UISupportedInterfaceOrientations_iPad = "UIInterfaceOrientationPortrait UIInterfaceOrientationPortraitUpsideDown UIInterfaceOrientationLandscapeLeft UIInterfaceOrientationLandscapeRight";
				INFOPLIST_KEY_UISupportedInterfaceOrientations_iPhone = "UIInterfaceOrientationPortrait UIInterfaceOrientationLandscapeLeft UIInterfaceOrientationLandscapeRight";
				IPHONEOS_DEPLOYMENT_TARGET = 14.0;
				LD_RUNPATH_SEARCH_PATHS = (
					"$(inherited)",
					"@executable_path/Frameworks",
				);
				MARKETING_VERSION = 1.0;
				PRODUCT_BUNDLE_IDENTIFIER = basistheory.IntegrationTester;
				PRODUCT_NAME = "$(TARGET_NAME)";
				SWIFT_EMIT_LOC_STRINGS = YES;
				SWIFT_VERSION = 5.0;
				TARGETED_DEVICE_FAMILY = "1,2";
			};
			name = Debug;
		};
		924576B128FF46C200A01E70 /* Release */ = {
			isa = XCBuildConfiguration;
			baseConfigurationReference = B51C61EE4217BFF8CFD1298B /* Pods-IntegrationTester.release.xcconfig */;
			buildSettings = {
				ALWAYS_EMBED_SWIFT_STANDARD_LIBRARIES = NO;
				ASSETCATALOG_COMPILER_APPICON_NAME = AppIcon;
				ASSETCATALOG_COMPILER_GLOBAL_ACCENT_COLOR_NAME = AccentColor;
				CODE_SIGN_STYLE = Automatic;
				CURRENT_PROJECT_VERSION = 1;
				GENERATE_INFOPLIST_FILE = YES;
				INFOPLIST_FILE = IntegrationTester/Info.plist;
				INFOPLIST_KEY_UIApplicationSupportsIndirectInputEvents = YES;
				INFOPLIST_KEY_UILaunchStoryboardName = LaunchScreen;
				INFOPLIST_KEY_UIMainStoryboardFile = Main;
				INFOPLIST_KEY_UISupportedInterfaceOrientations_iPad = "UIInterfaceOrientationPortrait UIInterfaceOrientationPortraitUpsideDown UIInterfaceOrientationLandscapeLeft UIInterfaceOrientationLandscapeRight";
				INFOPLIST_KEY_UISupportedInterfaceOrientations_iPhone = "UIInterfaceOrientationPortrait UIInterfaceOrientationLandscapeLeft UIInterfaceOrientationLandscapeRight";
				IPHONEOS_DEPLOYMENT_TARGET = 14.0;
				LD_RUNPATH_SEARCH_PATHS = (
					"$(inherited)",
					"@executable_path/Frameworks",
				);
				MARKETING_VERSION = 1.0;
				PRODUCT_BUNDLE_IDENTIFIER = basistheory.IntegrationTester;
				PRODUCT_NAME = "$(TARGET_NAME)";
				SWIFT_EMIT_LOC_STRINGS = YES;
				SWIFT_VERSION = 5.0;
				TARGETED_DEVICE_FAMILY = "1,2";
			};
			name = Release;
		};
		924576B328FF46C200A01E70 /* Debug */ = {
			isa = XCBuildConfiguration;
			buildSettings = {
				ALWAYS_EMBED_SWIFT_STANDARD_LIBRARIES = YES;
				BUNDLE_LOADER = "$(TEST_HOST)";
				CODE_SIGN_STYLE = Automatic;
				CURRENT_PROJECT_VERSION = 1;
				GENERATE_INFOPLIST_FILE = YES;
				IPHONEOS_DEPLOYMENT_TARGET = 16.0;
				MARKETING_VERSION = 1.0;
				PRODUCT_BUNDLE_IDENTIFIER = basistheory.IntegrationTesterTests;
				PRODUCT_NAME = "$(TARGET_NAME)";
				SWIFT_EMIT_LOC_STRINGS = NO;
				SWIFT_VERSION = 5.0;
				TARGETED_DEVICE_FAMILY = "1,2";
				TEST_HOST = "$(BUILT_PRODUCTS_DIR)/IntegrationTester.app/$(BUNDLE_EXECUTABLE_FOLDER_PATH)/IntegrationTester";
			};
			name = Debug;
		};
		924576B428FF46C200A01E70 /* Release */ = {
			isa = XCBuildConfiguration;
			buildSettings = {
				ALWAYS_EMBED_SWIFT_STANDARD_LIBRARIES = YES;
				BUNDLE_LOADER = "$(TEST_HOST)";
				CODE_SIGN_STYLE = Automatic;
				CURRENT_PROJECT_VERSION = 1;
				GENERATE_INFOPLIST_FILE = YES;
				IPHONEOS_DEPLOYMENT_TARGET = 16.0;
				MARKETING_VERSION = 1.0;
				PRODUCT_BUNDLE_IDENTIFIER = basistheory.IntegrationTesterTests;
				PRODUCT_NAME = "$(TARGET_NAME)";
				SWIFT_EMIT_LOC_STRINGS = NO;
				SWIFT_VERSION = 5.0;
				TARGETED_DEVICE_FAMILY = "1,2";
				TEST_HOST = "$(BUILT_PRODUCTS_DIR)/IntegrationTester.app/$(BUNDLE_EXECUTABLE_FOLDER_PATH)/IntegrationTester";
			};
			name = Release;
		};
		924576B628FF46C200A01E70 /* Debug */ = {
			isa = XCBuildConfiguration;
			baseConfigurationReference = 1BC339317CC68C3EFDD88D83 /* Pods-IntegrationTesterUITests.debug.xcconfig */;
			buildSettings = {
				ALWAYS_EMBED_SWIFT_STANDARD_LIBRARIES = YES;
				CODE_SIGN_STYLE = Automatic;
				CURRENT_PROJECT_VERSION = 1;
				GENERATE_INFOPLIST_FILE = YES;
				MARKETING_VERSION = 1.0;
				PRODUCT_BUNDLE_IDENTIFIER = basistheory.IntegrationTesterUITests;
				PRODUCT_NAME = "$(TARGET_NAME)";
				SWIFT_EMIT_LOC_STRINGS = NO;
				SWIFT_VERSION = 5.0;
				TARGETED_DEVICE_FAMILY = "1,2";
				TEST_TARGET_NAME = IntegrationTester;
			};
			name = Debug;
		};
		924576B728FF46C200A01E70 /* Release */ = {
			isa = XCBuildConfiguration;
			baseConfigurationReference = 0ABCA439638AF2CE853D88F0 /* Pods-IntegrationTesterUITests.release.xcconfig */;
			buildSettings = {
				ALWAYS_EMBED_SWIFT_STANDARD_LIBRARIES = YES;
				CODE_SIGN_STYLE = Automatic;
				CURRENT_PROJECT_VERSION = 1;
				GENERATE_INFOPLIST_FILE = YES;
				MARKETING_VERSION = 1.0;
				PRODUCT_BUNDLE_IDENTIFIER = basistheory.IntegrationTesterUITests;
				PRODUCT_NAME = "$(TARGET_NAME)";
				SWIFT_EMIT_LOC_STRINGS = NO;
				SWIFT_VERSION = 5.0;
				TARGETED_DEVICE_FAMILY = "1,2";
				TEST_TARGET_NAME = IntegrationTester;
			};
			name = Release;
		};
/* End XCBuildConfiguration section */

/* Begin XCConfigurationList section */
		9245768028FF46C100A01E70 /* Build configuration list for PBXProject "IntegrationTester" */ = {
			isa = XCConfigurationList;
			buildConfigurations = (
				924576AD28FF46C200A01E70 /* Debug */,
				924576AE28FF46C200A01E70 /* Release */,
			);
			defaultConfigurationIsVisible = 0;
			defaultConfigurationName = Release;
		};
		924576AF28FF46C200A01E70 /* Build configuration list for PBXNativeTarget "IntegrationTester" */ = {
			isa = XCConfigurationList;
			buildConfigurations = (
				924576B028FF46C200A01E70 /* Debug */,
				924576B128FF46C200A01E70 /* Release */,
			);
			defaultConfigurationIsVisible = 0;
			defaultConfigurationName = Release;
		};
		924576B228FF46C200A01E70 /* Build configuration list for PBXNativeTarget "IntegrationTesterTests" */ = {
			isa = XCConfigurationList;
			buildConfigurations = (
				924576B328FF46C200A01E70 /* Debug */,
				924576B428FF46C200A01E70 /* Release */,
			);
			defaultConfigurationIsVisible = 0;
			defaultConfigurationName = Release;
		};
		924576B528FF46C200A01E70 /* Build configuration list for PBXNativeTarget "IntegrationTesterUITests" */ = {
			isa = XCConfigurationList;
			buildConfigurations = (
				924576B628FF46C200A01E70 /* Debug */,
				924576B728FF46C200A01E70 /* Release */,
			);
			defaultConfigurationIsVisible = 0;
			defaultConfigurationName = Release;
		};
/* End XCConfigurationList section */

/* Begin XCSwiftPackageProductDependency section */
		926E39FA290209D3007A64E1 /* BasisTheoryElements */ = {
			isa = XCSwiftPackageProductDependency;
			productName = BasisTheoryElements;
		};
/* End XCSwiftPackageProductDependency section */
	};
	rootObject = 9245767D28FF46C100A01E70 /* Project object */;
}
