// !$*UTF8*$!
{
	archiveVersion = 1;
	classes = {
	};
	objectVersion = 56;
	objects = {

/* Begin PBXBuildFile section */
		0A363AF22A1D74AE00DA5E69 /* RawProxyResponseViewController.swift in Sources */ = {isa = PBXBuildFile; fileRef = 0A363AF12A1D74AE00DA5E69 /* RawProxyResponseViewController.swift */; };
		0AB437902A4C9FB4000099CD /* HttpClientViewController.swift in Sources */ = {isa = PBXBuildFile; fileRef = 0AB4378F2A4C9FB4000099CD /* HttpClientViewController.swift */; };
		428CB1062937C53000C8220E /* CardExpirationDateUITextFieldTests.swift in Sources */ = {isa = PBXBuildFile; fileRef = 428CB1052937C53000C8220E /* CardExpirationDateUITextFieldTests.swift */; };
		428CB10A293E398B00C8220E /* CardNumberUITextFieldTests.swift in Sources */ = {isa = PBXBuildFile; fileRef = 428CB109293E398B00C8220E /* CardNumberUITextFieldTests.swift */; };
		6286CEC129523C8200F7E8BD /* SplitCardElementsUITextFieldTests.swift in Sources */ = {isa = PBXBuildFile; fileRef = 6286CEC029523C8200F7E8BD /* SplitCardElementsUITextFieldTests.swift */; };
		62BEB1442953A1C600E5A0CE /* BasisTheoryElements in Frameworks */ = {isa = PBXBuildFile; productRef = 62BEB1432953A1C600E5A0CE /* BasisTheoryElements */; };
		9206601D2922813C00A92A81 /* CardVerificationCodeUITextFieldTests.swift in Sources */ = {isa = PBXBuildFile; fileRef = 9206601C2922813C00A92A81 /* CardVerificationCodeUITextFieldTests.swift */; };
		921217F12A05C3E6008272E3 /* FailingDelegateViewController.swift in Sources */ = {isa = PBXBuildFile; fileRef = 921217F02A05C3E6008272E3 /* FailingDelegateViewController.swift */; };
		921217F32A05C6E2008272E3 /* SucceedingDelegateViewController.swift in Sources */ = {isa = PBXBuildFile; fileRef = 921217F22A05C6E2008272E3 /* SucceedingDelegateViewController.swift */; };
		921217F52A05C9F0008272E3 /* UITextFieldDelegateTests.swift in Sources */ = {isa = PBXBuildFile; fileRef = 921217F42A05C9F0008272E3 /* UITextFieldDelegateTests.swift */; };
		921E47CC2A4237F20051355D /* HttpClientTests.swift in Sources */ = {isa = PBXBuildFile; fileRef = 921E47CB2A4237F20051355D /* HttpClientTests.swift */; };
		92278B862979CBF700168E25 /* GetTokenByIdServiceTests.swift in Sources */ = {isa = PBXBuildFile; fileRef = 92278B852979CBF700168E25 /* GetTokenByIdServiceTests.swift */; };
		92352C8229805E63004E12C2 /* CardRevealViewController.swift in Sources */ = {isa = PBXBuildFile; fileRef = 92352C8129805E63004E12C2 /* CardRevealViewController.swift */; };
		9245768928FF46C100A01E70 /* AppDelegate.swift in Sources */ = {isa = PBXBuildFile; fileRef = 9245768828FF46C100A01E70 /* AppDelegate.swift */; };
		9245768B28FF46C100A01E70 /* SceneDelegate.swift in Sources */ = {isa = PBXBuildFile; fileRef = 9245768A28FF46C100A01E70 /* SceneDelegate.swift */; };
		9245768D28FF46C100A01E70 /* TextElementUITextFieldViewController.swift in Sources */ = {isa = PBXBuildFile; fileRef = 9245768C28FF46C100A01E70 /* TextElementUITextFieldViewController.swift */; };
		9245769028FF46C100A01E70 /* Main.storyboard in Resources */ = {isa = PBXBuildFile; fileRef = 9245768E28FF46C100A01E70 /* Main.storyboard */; };
		9245769228FF46C200A01E70 /* Assets.xcassets in Resources */ = {isa = PBXBuildFile; fileRef = 9245769128FF46C200A01E70 /* Assets.xcassets */; };
		9245769528FF46C200A01E70 /* LaunchScreen.storyboard in Resources */ = {isa = PBXBuildFile; fileRef = 9245769328FF46C200A01E70 /* LaunchScreen.storyboard */; };
		924576A028FF46C200A01E70 /* TextElementUITextFieldTests.swift in Sources */ = {isa = PBXBuildFile; fileRef = 9245769F28FF46C200A01E70 /* TextElementUITextFieldTests.swift */; };
		924576AA28FF46C200A01E70 /* TextElementUITextFieldTests.swift in Sources */ = {isa = PBXBuildFile; fileRef = 924576A928FF46C200A01E70 /* TextElementUITextFieldTests.swift */; };
		924576C829004C4D00A01E70 /* Env.plist in Resources */ = {isa = PBXBuildFile; fileRef = 924576C729004C4D00A01E70 /* Env.plist */; };
		924576CC2900519900A01E70 /* Configuration.swift in Sources */ = {isa = PBXBuildFile; fileRef = 924576CB2900519900A01E70 /* Configuration.swift */; };
		9253E8E2291EB66E00FDF1A9 /* ElementUITextFieldTests.swift in Sources */ = {isa = PBXBuildFile; fileRef = 9253E8E1291EB66E00FDF1A9 /* ElementUITextFieldTests.swift */; };
		92566EA6293578B30047BFF2 /* BasisTheoryElements in Frameworks */ = {isa = PBXBuildFile; productRef = 92566EA5293578B30047BFF2 /* BasisTheoryElements */; };
		9262E291296E050F00A77B83 /* SessionServiceTests.swift in Sources */ = {isa = PBXBuildFile; fileRef = 9262E290296E050F00A77B83 /* SessionServiceTests.swift */; };
		928869A229118DC4004E75E3 /* Configuration.swift in Sources */ = {isa = PBXBuildFile; fileRef = 924576CB2900519900A01E70 /* Configuration.swift */; };
		928869A72911B564004E75E3 /* Configuration.swift in Sources */ = {isa = PBXBuildFile; fileRef = 924576CB2900519900A01E70 /* Configuration.swift */; };
		929E30C32948D0F900A01A56 /* TokenizeAndCreateTokenServiceTests.swift in Sources */ = {isa = PBXBuildFile; fileRef = 929E30C22948D0F900A01A56 /* TokenizeAndCreateTokenServiceTests.swift */; };
		929E30CC295C9A0100A01A56 /* ProxyServiceTests.swift in Sources */ = {isa = PBXBuildFile; fileRef = 929E30CB295C9A0100A01A56 /* ProxyServiceTests.swift */; };
		92A24DE7291DA1F0005DD4D2 /* SplitCardElementsViewController.swift in Sources */ = {isa = PBXBuildFile; fileRef = 92A24DE6291DA1F0005DD4D2 /* SplitCardElementsViewController.swift */; };
		92B7DCAF2939523C000DBB8A /* CardBrandTests.swift in Sources */ = {isa = PBXBuildFile; fileRef = 92B7DCAE2939523C000DBB8A /* CardBrandTests.swift */; };
		92C3019629132287009F8D92 /* Env.plist in Resources */ = {isa = PBXBuildFile; fileRef = 92C3019529132287009F8D92 /* Env.plist */; };
		92C3019729132287009F8D92 /* Env.plist in Resources */ = {isa = PBXBuildFile; fileRef = 92C3019529132287009F8D92 /* Env.plist */; };
		92C3019829132287009F8D92 /* Env.plist in Resources */ = {isa = PBXBuildFile; fileRef = 92C3019529132287009F8D92 /* Env.plist */; };
/* End PBXBuildFile section */

/* Begin PBXContainerItemProxy section */
		9245769C28FF46C200A01E70 /* PBXContainerItemProxy */ = {
			isa = PBXContainerItemProxy;
			containerPortal = 9245767D28FF46C100A01E70 /* Project object */;
			proxyType = 1;
			remoteGlobalIDString = 9245768428FF46C100A01E70;
			remoteInfo = IntegrationTester;
		};
		924576A628FF46C200A01E70 /* PBXContainerItemProxy */ = {
			isa = PBXContainerItemProxy;
			containerPortal = 9245767D28FF46C100A01E70 /* Project object */;
			proxyType = 1;
			remoteGlobalIDString = 9245768428FF46C100A01E70;
			remoteInfo = IntegrationTester;
		};
/* End PBXContainerItemProxy section */

/* Begin PBXFileReference section */
		0A363AF12A1D74AE00DA5E69 /* RawProxyResponseViewController.swift */ = {isa = PBXFileReference; lastKnownFileType = sourcecode.swift; path = RawProxyResponseViewController.swift; sourceTree = "<group>"; };
		0AB4378F2A4C9FB4000099CD /* HttpClientViewController.swift */ = {isa = PBXFileReference; lastKnownFileType = sourcecode.swift; path = HttpClientViewController.swift; sourceTree = "<group>"; };
		428CB1052937C53000C8220E /* CardExpirationDateUITextFieldTests.swift */ = {isa = PBXFileReference; lastKnownFileType = sourcecode.swift; path = CardExpirationDateUITextFieldTests.swift; sourceTree = "<group>"; };
		428CB109293E398B00C8220E /* CardNumberUITextFieldTests.swift */ = {isa = PBXFileReference; lastKnownFileType = sourcecode.swift; path = CardNumberUITextFieldTests.swift; sourceTree = "<group>"; };
		6286CEC029523C8200F7E8BD /* SplitCardElementsUITextFieldTests.swift */ = {isa = PBXFileReference; lastKnownFileType = sourcecode.swift; path = SplitCardElementsUITextFieldTests.swift; sourceTree = "<group>"; };
		9206601C2922813C00A92A81 /* CardVerificationCodeUITextFieldTests.swift */ = {isa = PBXFileReference; lastKnownFileType = sourcecode.swift; path = CardVerificationCodeUITextFieldTests.swift; sourceTree = "<group>"; };
		921217F02A05C3E6008272E3 /* FailingDelegateViewController.swift */ = {isa = PBXFileReference; lastKnownFileType = sourcecode.swift; path = FailingDelegateViewController.swift; sourceTree = "<group>"; };
		921217F22A05C6E2008272E3 /* SucceedingDelegateViewController.swift */ = {isa = PBXFileReference; lastKnownFileType = sourcecode.swift; path = SucceedingDelegateViewController.swift; sourceTree = "<group>"; };
		921217F42A05C9F0008272E3 /* UITextFieldDelegateTests.swift */ = {isa = PBXFileReference; lastKnownFileType = sourcecode.swift; path = UITextFieldDelegateTests.swift; sourceTree = "<group>"; };
		921E47CB2A4237F20051355D /* HttpClientTests.swift */ = {isa = PBXFileReference; lastKnownFileType = sourcecode.swift; path = HttpClientTests.swift; sourceTree = "<group>"; };
		92278B852979CBF700168E25 /* GetTokenByIdServiceTests.swift */ = {isa = PBXFileReference; lastKnownFileType = sourcecode.swift; path = GetTokenByIdServiceTests.swift; sourceTree = "<group>"; };
		92352C8129805E63004E12C2 /* CardRevealViewController.swift */ = {isa = PBXFileReference; lastKnownFileType = sourcecode.swift; path = CardRevealViewController.swift; sourceTree = "<group>"; };
		9245768528FF46C100A01E70 /* IntegrationTester.app */ = {isa = PBXFileReference; explicitFileType = wrapper.application; includeInIndex = 0; path = IntegrationTester.app; sourceTree = BUILT_PRODUCTS_DIR; };
		9245768828FF46C100A01E70 /* AppDelegate.swift */ = {isa = PBXFileReference; lastKnownFileType = sourcecode.swift; path = AppDelegate.swift; sourceTree = "<group>"; };
		9245768A28FF46C100A01E70 /* SceneDelegate.swift */ = {isa = PBXFileReference; lastKnownFileType = sourcecode.swift; path = SceneDelegate.swift; sourceTree = "<group>"; };
		9245768C28FF46C100A01E70 /* TextElementUITextFieldViewController.swift */ = {isa = PBXFileReference; lastKnownFileType = sourcecode.swift; path = TextElementUITextFieldViewController.swift; sourceTree = "<group>"; };
		9245768F28FF46C100A01E70 /* Base */ = {isa = PBXFileReference; lastKnownFileType = file.storyboard; name = Base; path = Base.lproj/Main.storyboard; sourceTree = "<group>"; };
		9245769128FF46C200A01E70 /* Assets.xcassets */ = {isa = PBXFileReference; lastKnownFileType = folder.assetcatalog; path = Assets.xcassets; sourceTree = "<group>"; };
		9245769428FF46C200A01E70 /* Base */ = {isa = PBXFileReference; lastKnownFileType = file.storyboard; name = Base; path = Base.lproj/LaunchScreen.storyboard; sourceTree = "<group>"; };
		9245769628FF46C200A01E70 /* Info.plist */ = {isa = PBXFileReference; lastKnownFileType = text.plist.xml; path = Info.plist; sourceTree = "<group>"; };
		9245769B28FF46C200A01E70 /* UnitTests.xctest */ = {isa = PBXFileReference; explicitFileType = wrapper.cfbundle; includeInIndex = 0; path = UnitTests.xctest; sourceTree = BUILT_PRODUCTS_DIR; };
		9245769F28FF46C200A01E70 /* TextElementUITextFieldTests.swift */ = {isa = PBXFileReference; lastKnownFileType = sourcecode.swift; path = TextElementUITextFieldTests.swift; sourceTree = "<group>"; };
		924576A528FF46C200A01E70 /* AcceptanceTests.xctest */ = {isa = PBXFileReference; explicitFileType = wrapper.cfbundle; includeInIndex = 0; path = AcceptanceTests.xctest; sourceTree = BUILT_PRODUCTS_DIR; };
		924576A928FF46C200A01E70 /* TextElementUITextFieldTests.swift */ = {isa = PBXFileReference; lastKnownFileType = sourcecode.swift; path = TextElementUITextFieldTests.swift; sourceTree = "<group>"; };
		924576C729004C4D00A01E70 /* Env.plist */ = {isa = PBXFileReference; fileEncoding = 4; lastKnownFileType = text.plist.xml; path = Env.plist; sourceTree = "<group>"; };
		924576CB2900519900A01E70 /* Configuration.swift */ = {isa = PBXFileReference; lastKnownFileType = sourcecode.swift; path = Configuration.swift; sourceTree = "<group>"; };
		9253E8E1291EB66E00FDF1A9 /* ElementUITextFieldTests.swift */ = {isa = PBXFileReference; lastKnownFileType = sourcecode.swift; path = ElementUITextFieldTests.swift; sourceTree = "<group>"; };
		92566EA4293578AB0047BFF2 /* BasisTheoryElements */ = {isa = PBXFileReference; lastKnownFileType = wrapper; name = BasisTheoryElements; path = ../BasisTheoryElements; sourceTree = "<group>"; };
		9262E290296E050F00A77B83 /* SessionServiceTests.swift */ = {isa = PBXFileReference; lastKnownFileType = sourcecode.swift; path = SessionServiceTests.swift; sourceTree = "<group>"; };
		929E30C22948D0F900A01A56 /* TokenizeAndCreateTokenServiceTests.swift */ = {isa = PBXFileReference; fileEncoding = 4; lastKnownFileType = sourcecode.swift; path = TokenizeAndCreateTokenServiceTests.swift; sourceTree = "<group>"; };
		929E30CB295C9A0100A01A56 /* ProxyServiceTests.swift */ = {isa = PBXFileReference; lastKnownFileType = sourcecode.swift; path = ProxyServiceTests.swift; sourceTree = "<group>"; };
		92A24DE6291DA1F0005DD4D2 /* SplitCardElementsViewController.swift */ = {isa = PBXFileReference; lastKnownFileType = sourcecode.swift; path = SplitCardElementsViewController.swift; sourceTree = "<group>"; };
		92B7DCAE2939523C000DBB8A /* CardBrandTests.swift */ = {isa = PBXFileReference; lastKnownFileType = sourcecode.swift; path = CardBrandTests.swift; sourceTree = "<group>"; };
		92C3019529132287009F8D92 /* Env.plist */ = {isa = PBXFileReference; lastKnownFileType = text.plist; path = Env.plist; sourceTree = "<group>"; };
/* End PBXFileReference section */

/* Begin PBXFrameworksBuildPhase section */
		9245768228FF46C100A01E70 /* Frameworks */ = {
			isa = PBXFrameworksBuildPhase;
			buildActionMask = 2147483647;
			files = (
				92566EA6293578B30047BFF2 /* BasisTheoryElements in Frameworks */,
			);
			runOnlyForDeploymentPostprocessing = 0;
		};
		9245769828FF46C200A01E70 /* Frameworks */ = {
			isa = PBXFrameworksBuildPhase;
			buildActionMask = 2147483647;
			files = (
			);
			runOnlyForDeploymentPostprocessing = 0;
		};
		924576A228FF46C200A01E70 /* Frameworks */ = {
			isa = PBXFrameworksBuildPhase;
			buildActionMask = 2147483647;
			files = (
				62BEB1442953A1C600E5A0CE /* BasisTheoryElements in Frameworks */,
			);
			runOnlyForDeploymentPostprocessing = 0;
		};
/* End PBXFrameworksBuildPhase section */

/* Begin PBXGroup section */
		9245767C28FF46C100A01E70 = {
			isa = PBXGroup;
			children = (
				92566EA4293578AB0047BFF2 /* BasisTheoryElements */,
				92C3019529132287009F8D92 /* Env.plist */,
				924576CB2900519900A01E70 /* Configuration.swift */,
				924576C729004C4D00A01E70 /* Env.plist */,
				9245768728FF46C100A01E70 /* IntegrationTester */,
				9245769E28FF46C200A01E70 /* UnitTests */,
				924576A828FF46C200A01E70 /* AcceptanceTests */,
				9245768628FF46C100A01E70 /* Products */,
				924576B928FF475100A01E70 /* Frameworks */,
			);
			sourceTree = "<group>";
		};
		9245768628FF46C100A01E70 /* Products */ = {
			isa = PBXGroup;
			children = (
				9245768528FF46C100A01E70 /* IntegrationTester.app */,
				9245769B28FF46C200A01E70 /* UnitTests.xctest */,
				924576A528FF46C200A01E70 /* AcceptanceTests.xctest */,
			);
			name = Products;
			sourceTree = "<group>";
		};
		9245768728FF46C100A01E70 /* IntegrationTester */ = {
			isa = PBXGroup;
			children = (
				9245768828FF46C100A01E70 /* AppDelegate.swift */,
				9245768A28FF46C100A01E70 /* SceneDelegate.swift */,
				92A24DE6291DA1F0005DD4D2 /* SplitCardElementsViewController.swift */,
				9245768C28FF46C100A01E70 /* TextElementUITextFieldViewController.swift */,
				9245768E28FF46C100A01E70 /* Main.storyboard */,
				9245769128FF46C200A01E70 /* Assets.xcassets */,
				9245769328FF46C200A01E70 /* LaunchScreen.storyboard */,
				9245769628FF46C200A01E70 /* Info.plist */,
				92352C8129805E63004E12C2 /* CardRevealViewController.swift */,
				921217F02A05C3E6008272E3 /* FailingDelegateViewController.swift */,
				921217F22A05C6E2008272E3 /* SucceedingDelegateViewController.swift */,
				0A363AF12A1D74AE00DA5E69 /* RawProxyResponseViewController.swift */,
				0AB4378F2A4C9FB4000099CD /* HttpClientViewController.swift */,
			);
			path = IntegrationTester;
			sourceTree = "<group>";
		};
		9245769E28FF46C200A01E70 /* UnitTests */ = {
			isa = PBXGroup;
			children = (
				929E30C22948D0F900A01A56 /* TokenizeAndCreateTokenServiceTests.swift */,
				9253E8E1291EB66E00FDF1A9 /* ElementUITextFieldTests.swift */,
				9206601C2922813C00A92A81 /* CardVerificationCodeUITextFieldTests.swift */,
				9245769F28FF46C200A01E70 /* TextElementUITextFieldTests.swift */,
				428CB1052937C53000C8220E /* CardExpirationDateUITextFieldTests.swift */,
				92B7DCAE2939523C000DBB8A /* CardBrandTests.swift */,
				428CB109293E398B00C8220E /* CardNumberUITextFieldTests.swift */,
				929E30CB295C9A0100A01A56 /* ProxyServiceTests.swift */,
				9262E290296E050F00A77B83 /* SessionServiceTests.swift */,
				92278B852979CBF700168E25 /* GetTokenByIdServiceTests.swift */,
				921E47CB2A4237F20051355D /* HttpClientTests.swift */,
			);
			path = UnitTests;
			sourceTree = "<group>";
		};
		924576A828FF46C200A01E70 /* AcceptanceTests */ = {
			isa = PBXGroup;
			children = (
				924576A928FF46C200A01E70 /* TextElementUITextFieldTests.swift */,
				921217F42A05C9F0008272E3 /* UITextFieldDelegateTests.swift */,
				6286CEC029523C8200F7E8BD /* SplitCardElementsUITextFieldTests.swift */,
			);
			path = AcceptanceTests;
			sourceTree = "<group>";
		};
		924576B928FF475100A01E70 /* Frameworks */ = {
			isa = PBXGroup;
			children = (
			);
			name = Frameworks;
			sourceTree = "<group>";
		};
/* End PBXGroup section */

/* Begin PBXNativeTarget section */
		9245768428FF46C100A01E70 /* IntegrationTester */ = {
			isa = PBXNativeTarget;
			buildConfigurationList = 924576AF28FF46C200A01E70 /* Build configuration list for PBXNativeTarget "IntegrationTester" */;
			buildPhases = (
				9245768128FF46C100A01E70 /* Sources */,
				9245768228FF46C100A01E70 /* Frameworks */,
				9245768328FF46C100A01E70 /* Resources */,
			);
			buildRules = (
			);
			dependencies = (
			);
			name = IntegrationTester;
			packageProductDependencies = (
				92566EA5293578B30047BFF2 /* BasisTheoryElements */,
			);
			productName = IntegrationTester;
			productReference = 9245768528FF46C100A01E70 /* IntegrationTester.app */;
			productType = "com.apple.product-type.application";
		};
		9245769A28FF46C200A01E70 /* UnitTests */ = {
			isa = PBXNativeTarget;
			buildConfigurationList = 924576B228FF46C200A01E70 /* Build configuration list for PBXNativeTarget "UnitTests" */;
			buildPhases = (
				9245769728FF46C200A01E70 /* Sources */,
				9245769828FF46C200A01E70 /* Frameworks */,
				9245769928FF46C200A01E70 /* Resources */,
			);
			buildRules = (
			);
			dependencies = (
				9245769D28FF46C200A01E70 /* PBXTargetDependency */,
			);
			name = UnitTests;
			packageProductDependencies = (
			);
			productName = IntegrationTesterTests;
			productReference = 9245769B28FF46C200A01E70 /* UnitTests.xctest */;
			productType = "com.apple.product-type.bundle.unit-test";
		};
		924576A428FF46C200A01E70 /* AcceptanceTests */ = {
			isa = PBXNativeTarget;
			buildConfigurationList = 924576B528FF46C200A01E70 /* Build configuration list for PBXNativeTarget "AcceptanceTests" */;
			buildPhases = (
				924576A128FF46C200A01E70 /* Sources */,
				924576A228FF46C200A01E70 /* Frameworks */,
				924576A328FF46C200A01E70 /* Resources */,
			);
			buildRules = (
			);
			dependencies = (
				924576A728FF46C200A01E70 /* PBXTargetDependency */,
			);
			name = AcceptanceTests;
			packageProductDependencies = (
				62BEB1432953A1C600E5A0CE /* BasisTheoryElements */,
			);
			productName = IntegrationTesterUITests;
			productReference = 924576A528FF46C200A01E70 /* AcceptanceTests.xctest */;
			productType = "com.apple.product-type.bundle.ui-testing";
		};
/* End PBXNativeTarget section */

/* Begin PBXProject section */
		9245767D28FF46C100A01E70 /* Project object */ = {
			isa = PBXProject;
			attributes = {
				BuildIndependentTargetsInParallel = 1;
				LastSwiftUpdateCheck = 1400;
				LastUpgradeCheck = 1400;
				TargetAttributes = {
					9245768428FF46C100A01E70 = {
						CreatedOnToolsVersion = 14.0.1;
					};
					9245769A28FF46C200A01E70 = {
						CreatedOnToolsVersion = 14.0.1;
						TestTargetID = 9245768428FF46C100A01E70;
					};
					924576A428FF46C200A01E70 = {
						CreatedOnToolsVersion = 14.0.1;
						TestTargetID = 9245768428FF46C100A01E70;
					};
				};
			};
			buildConfigurationList = 9245768028FF46C100A01E70 /* Build configuration list for PBXProject "IntegrationTester" */;
			compatibilityVersion = "Xcode 14.0";
			developmentRegion = en;
			hasScannedForEncodings = 0;
			knownRegions = (
				en,
				Base,
			);
			mainGroup = 9245767C28FF46C100A01E70;
			productRefGroup = 9245768628FF46C100A01E70 /* Products */;
			projectDirPath = "";
			projectRoot = "";
			targets = (
				9245768428FF46C100A01E70 /* IntegrationTester */,
				9245769A28FF46C200A01E70 /* UnitTests */,
				924576A428FF46C200A01E70 /* AcceptanceTests */,
			);
		};
/* End PBXProject section */

/* Begin PBXResourcesBuildPhase section */
		9245768328FF46C100A01E70 /* Resources */ = {
			isa = PBXResourcesBuildPhase;
			buildActionMask = 2147483647;
			files = (
				9245769528FF46C200A01E70 /* LaunchScreen.storyboard in Resources */,
				9245769228FF46C200A01E70 /* Assets.xcassets in Resources */,
				924576C829004C4D00A01E70 /* Env.plist in Resources */,
				9245769028FF46C100A01E70 /* Main.storyboard in Resources */,
				92C3019629132287009F8D92 /* Env.plist in Resources */,
			);
			runOnlyForDeploymentPostprocessing = 0;
		};
		9245769928FF46C200A01E70 /* Resources */ = {
			isa = PBXResourcesBuildPhase;
			buildActionMask = 2147483647;
			files = (
				92C3019729132287009F8D92 /* Env.plist in Resources */,
			);
			runOnlyForDeploymentPostprocessing = 0;
		};
		924576A328FF46C200A01E70 /* Resources */ = {
			isa = PBXResourcesBuildPhase;
			buildActionMask = 2147483647;
			files = (
				92C3019829132287009F8D92 /* Env.plist in Resources */,
			);
			runOnlyForDeploymentPostprocessing = 0;
		};
/* End PBXResourcesBuildPhase section */

/* Begin PBXSourcesBuildPhase section */
		9245768128FF46C100A01E70 /* Sources */ = {
			isa = PBXSourcesBuildPhase;
			buildActionMask = 2147483647;
			files = (
				9245768D28FF46C100A01E70 /* TextElementUITextFieldViewController.swift in Sources */,
				92A24DE7291DA1F0005DD4D2 /* SplitCardElementsViewController.swift in Sources */,
				0A363AF22A1D74AE00DA5E69 /* RawProxyResponseViewController.swift in Sources */,
				9245768928FF46C100A01E70 /* AppDelegate.swift in Sources */,
				921217F32A05C6E2008272E3 /* SucceedingDelegateViewController.swift in Sources */,
				924576CC2900519900A01E70 /* Configuration.swift in Sources */,
				9245768B28FF46C100A01E70 /* SceneDelegate.swift in Sources */,
				0AB437902A4C9FB4000099CD /* HttpClientViewController.swift in Sources */,
				92352C8229805E63004E12C2 /* CardRevealViewController.swift in Sources */,
				921217F12A05C3E6008272E3 /* FailingDelegateViewController.swift in Sources */,
			);
			runOnlyForDeploymentPostprocessing = 0;
		};
		9245769728FF46C200A01E70 /* Sources */ = {
			isa = PBXSourcesBuildPhase;
			buildActionMask = 2147483647;
			files = (
				92278B862979CBF700168E25 /* GetTokenByIdServiceTests.swift in Sources */,
				9262E291296E050F00A77B83 /* SessionServiceTests.swift in Sources */,
				428CB10A293E398B00C8220E /* CardNumberUITextFieldTests.swift in Sources */,
				929E30CC295C9A0100A01A56 /* ProxyServiceTests.swift in Sources */,
				928869A72911B564004E75E3 /* Configuration.swift in Sources */,
				929E30C32948D0F900A01A56 /* TokenizeAndCreateTokenServiceTests.swift in Sources */,
				92B7DCAF2939523C000DBB8A /* CardBrandTests.swift in Sources */,
				428CB1062937C53000C8220E /* CardExpirationDateUITextFieldTests.swift in Sources */,
				924576A028FF46C200A01E70 /* TextElementUITextFieldTests.swift in Sources */,
				9253E8E2291EB66E00FDF1A9 /* ElementUITextFieldTests.swift in Sources */,
				921E47CC2A4237F20051355D /* HttpClientTests.swift in Sources */,
				9206601D2922813C00A92A81 /* CardVerificationCodeUITextFieldTests.swift in Sources */,
			);
			runOnlyForDeploymentPostprocessing = 0;
		};
		924576A128FF46C200A01E70 /* Sources */ = {
			isa = PBXSourcesBuildPhase;
			buildActionMask = 2147483647;
			files = (
				6286CEC129523C8200F7E8BD /* SplitCardElementsUITextFieldTests.swift in Sources */,
				928869A229118DC4004E75E3 /* Configuration.swift in Sources */,
				921217F52A05C9F0008272E3 /* UITextFieldDelegateTests.swift in Sources */,
				924576AA28FF46C200A01E70 /* TextElementUITextFieldTests.swift in Sources */,
			);
			runOnlyForDeploymentPostprocessing = 0;
		};
/* End PBXSourcesBuildPhase section */

/* Begin PBXTargetDependency section */
		9245769D28FF46C200A01E70 /* PBXTargetDependency */ = {
			isa = PBXTargetDependency;
			target = 9245768428FF46C100A01E70 /* IntegrationTester */;
			targetProxy = 9245769C28FF46C200A01E70 /* PBXContainerItemProxy */;
		};
		924576A728FF46C200A01E70 /* PBXTargetDependency */ = {
			isa = PBXTargetDependency;
			target = 9245768428FF46C100A01E70 /* IntegrationTester */;
			targetProxy = 924576A628FF46C200A01E70 /* PBXContainerItemProxy */;
		};
/* End PBXTargetDependency section */

/* Begin PBXVariantGroup section */
		9245768E28FF46C100A01E70 /* Main.storyboard */ = {
			isa = PBXVariantGroup;
			children = (
				9245768F28FF46C100A01E70 /* Base */,
			);
			name = Main.storyboard;
			sourceTree = "<group>";
		};
		9245769328FF46C200A01E70 /* LaunchScreen.storyboard */ = {
			isa = PBXVariantGroup;
			children = (
				9245769428FF46C200A01E70 /* Base */,
			);
			name = LaunchScreen.storyboard;
			sourceTree = "<group>";
		};
/* End PBXVariantGroup section */

/* Begin XCBuildConfiguration section */
		924576AD28FF46C200A01E70 /* Debug */ = {
			isa = XCBuildConfiguration;
			buildSettings = {
				ALWAYS_SEARCH_USER_PATHS = NO;
				CLANG_ANALYZER_NONNULL = YES;
				CLANG_ANALYZER_NUMBER_OBJECT_CONVERSION = YES_AGGRESSIVE;
				CLANG_CXX_LANGUAGE_STANDARD = "gnu++20";
				CLANG_ENABLE_MODULES = YES;
				CLANG_ENABLE_OBJC_ARC = YES;
				CLANG_ENABLE_OBJC_WEAK = YES;
				CLANG_WARN_BLOCK_CAPTURE_AUTORELEASING = YES;
				CLANG_WARN_BOOL_CONVERSION = YES;
				CLANG_WARN_COMMA = YES;
				CLANG_WARN_CONSTANT_CONVERSION = YES;
				CLANG_WARN_DEPRECATED_OBJC_IMPLEMENTATIONS = YES;
				CLANG_WARN_DIRECT_OBJC_ISA_USAGE = YES_ERROR;
				CLANG_WARN_DOCUMENTATION_COMMENTS = YES;
				CLANG_WARN_EMPTY_BODY = YES;
				CLANG_WARN_ENUM_CONVERSION = YES;
				CLANG_WARN_INFINITE_RECURSION = YES;
				CLANG_WARN_INT_CONVERSION = YES;
				CLANG_WARN_NON_LITERAL_NULL_CONVERSION = YES;
				CLANG_WARN_OBJC_IMPLICIT_RETAIN_SELF = YES;
				CLANG_WARN_OBJC_LITERAL_CONVERSION = YES;
				CLANG_WARN_OBJC_ROOT_CLASS = YES_ERROR;
				CLANG_WARN_QUOTED_INCLUDE_IN_FRAMEWORK_HEADER = YES;
				CLANG_WARN_RANGE_LOOP_ANALYSIS = YES;
				CLANG_WARN_STRICT_PROTOTYPES = YES;
				CLANG_WARN_SUSPICIOUS_MOVE = YES;
				CLANG_WARN_UNGUARDED_AVAILABILITY = YES_AGGRESSIVE;
				CLANG_WARN_UNREACHABLE_CODE = YES;
				CLANG_WARN__DUPLICATE_METHOD_MATCH = YES;
				CODE_SIGN_IDENTITY = "";
				CODE_SIGN_INJECT_BASE_ENTITLEMENTS = NO;
				CODE_SIGN_STYLE = Manual;
				COPY_PHASE_STRIP = NO;
				DEBUG_INFORMATION_FORMAT = dwarf;
				DEVELOPMENT_TEAM = "";
				ENABLE_STRICT_OBJC_MSGSEND = YES;
				ENABLE_TESTABILITY = YES;
				EXCLUDED_ARCHS = "";
				GCC_C_LANGUAGE_STANDARD = gnu11;
				GCC_DYNAMIC_NO_PIC = NO;
				GCC_NO_COMMON_BLOCKS = YES;
				GCC_OPTIMIZATION_LEVEL = 0;
				GCC_PREPROCESSOR_DEFINITIONS = (
					"DEBUG=1",
					"$(inherited)",
				);
				GCC_WARN_64_TO_32_BIT_CONVERSION = YES;
				GCC_WARN_ABOUT_RETURN_TYPE = YES_ERROR;
				GCC_WARN_UNDECLARED_SELECTOR = YES;
				GCC_WARN_UNINITIALIZED_AUTOS = YES_AGGRESSIVE;
				GCC_WARN_UNUSED_FUNCTION = YES;
				GCC_WARN_UNUSED_VARIABLE = YES;
				IPHONEOS_DEPLOYMENT_TARGET = 14.0;
				MTL_ENABLE_DEBUG_INFO = INCLUDE_SOURCE;
				MTL_FAST_MATH = YES;
				ONLY_ACTIVE_ARCH = YES;
				SDKROOT = iphoneos;
				SWIFT_ACTIVE_COMPILATION_CONDITIONS = DEBUG;
				SWIFT_OPTIMIZATION_LEVEL = "-Onone";
			};
			name = Debug;
		};
		924576AE28FF46C200A01E70 /* Release */ = {
			isa = XCBuildConfiguration;
			buildSettings = {
				ALWAYS_SEARCH_USER_PATHS = NO;
				CLANG_ANALYZER_NONNULL = YES;
				CLANG_ANALYZER_NUMBER_OBJECT_CONVERSION = YES_AGGRESSIVE;
				CLANG_CXX_LANGUAGE_STANDARD = "gnu++20";
				CLANG_ENABLE_MODULES = YES;
				CLANG_ENABLE_OBJC_ARC = YES;
				CLANG_ENABLE_OBJC_WEAK = YES;
				CLANG_WARN_BLOCK_CAPTURE_AUTORELEASING = YES;
				CLANG_WARN_BOOL_CONVERSION = YES;
				CLANG_WARN_COMMA = YES;
				CLANG_WARN_CONSTANT_CONVERSION = YES;
				CLANG_WARN_DEPRECATED_OBJC_IMPLEMENTATIONS = YES;
				CLANG_WARN_DIRECT_OBJC_ISA_USAGE = YES_ERROR;
				CLANG_WARN_DOCUMENTATION_COMMENTS = YES;
				CLANG_WARN_EMPTY_BODY = YES;
				CLANG_WARN_ENUM_CONVERSION = YES;
				CLANG_WARN_INFINITE_RECURSION = YES;
				CLANG_WARN_INT_CONVERSION = YES;
				CLANG_WARN_NON_LITERAL_NULL_CONVERSION = YES;
				CLANG_WARN_OBJC_IMPLICIT_RETAIN_SELF = YES;
				CLANG_WARN_OBJC_LITERAL_CONVERSION = YES;
				CLANG_WARN_OBJC_ROOT_CLASS = YES_ERROR;
				CLANG_WARN_QUOTED_INCLUDE_IN_FRAMEWORK_HEADER = YES;
				CLANG_WARN_RANGE_LOOP_ANALYSIS = YES;
				CLANG_WARN_STRICT_PROTOTYPES = YES;
				CLANG_WARN_SUSPICIOUS_MOVE = YES;
				CLANG_WARN_UNGUARDED_AVAILABILITY = YES_AGGRESSIVE;
				CLANG_WARN_UNREACHABLE_CODE = YES;
				CLANG_WARN__DUPLICATE_METHOD_MATCH = YES;
				CODE_SIGN_IDENTITY = "";
				CODE_SIGN_INJECT_BASE_ENTITLEMENTS = NO;
				CODE_SIGN_STYLE = Manual;
				COPY_PHASE_STRIP = NO;
				DEBUG_INFORMATION_FORMAT = "dwarf-with-dsym";
				DEVELOPMENT_TEAM = "";
				ENABLE_NS_ASSERTIONS = NO;
				ENABLE_STRICT_OBJC_MSGSEND = YES;
				EXCLUDED_ARCHS = "";
				GCC_C_LANGUAGE_STANDARD = gnu11;
				GCC_NO_COMMON_BLOCKS = YES;
				GCC_WARN_64_TO_32_BIT_CONVERSION = YES;
				GCC_WARN_ABOUT_RETURN_TYPE = YES_ERROR;
				GCC_WARN_UNDECLARED_SELECTOR = YES;
				GCC_WARN_UNINITIALIZED_AUTOS = YES_AGGRESSIVE;
				GCC_WARN_UNUSED_FUNCTION = YES;
				GCC_WARN_UNUSED_VARIABLE = YES;
				IPHONEOS_DEPLOYMENT_TARGET = 14.0;
				MTL_ENABLE_DEBUG_INFO = NO;
				MTL_FAST_MATH = YES;
				ONLY_ACTIVE_ARCH = NO;
				SDKROOT = iphoneos;
				SWIFT_COMPILATION_MODE = wholemodule;
				SWIFT_OPTIMIZATION_LEVEL = "-O";
				VALIDATE_PRODUCT = YES;
			};
			name = Release;
		};
		924576B028FF46C200A01E70 /* Debug */ = {
			isa = XCBuildConfiguration;
			buildSettings = {
				ALWAYS_EMBED_SWIFT_STANDARD_LIBRARIES = NO;
				ASSETCATALOG_COMPILER_APPICON_NAME = AppIcon;
				ASSETCATALOG_COMPILER_GLOBAL_ACCENT_COLOR_NAME = AccentColor;
				CODE_SIGN_IDENTITY = "";
				CODE_SIGN_STYLE = Automatic;
				CODE_SIGN_IDENTITY = "-";
				CURRENT_PROJECT_VERSION = 1;
				DEVELOPMENT_TEAM = "";
				GENERATE_INFOPLIST_FILE = YES;
				INFOPLIST_FILE = IntegrationTester/Info.plist;
				INFOPLIST_KEY_UIApplicationSupportsIndirectInputEvents = YES;
				INFOPLIST_KEY_UILaunchStoryboardName = LaunchScreen;
				INFOPLIST_KEY_UIMainStoryboardFile = Main;
				INFOPLIST_KEY_UISupportedInterfaceOrientations = UIInterfaceOrientationPortrait;
				IPHONEOS_DEPLOYMENT_TARGET = 14.0;
				LD_RUNPATH_SEARCH_PATHS = (
					"$(inherited)",
					"@executable_path/Frameworks",
				);
				MARKETING_VERSION = 1.0;
				PRODUCT_BUNDLE_IDENTIFIER = basistheory.IntegrationTester;
				PRODUCT_NAME = "$(TARGET_NAME)";
				PROVISIONING_PROFILE_SPECIFIER = "";
				SWIFT_EMIT_LOC_STRINGS = YES;
				SWIFT_VERSION = 5.0;
				TARGETED_DEVICE_FAMILY = "1,2";
			};
			name = Debug;
		};
		924576B128FF46C200A01E70 /* Release */ = {
			isa = XCBuildConfiguration;
			buildSettings = {
				ALWAYS_EMBED_SWIFT_STANDARD_LIBRARIES = NO;
				ASSETCATALOG_COMPILER_APPICON_NAME = AppIcon;
				ASSETCATALOG_COMPILER_GLOBAL_ACCENT_COLOR_NAME = AccentColor;
				CODE_SIGN_IDENTITY = "";
				CODE_SIGN_STYLE = Manual;
				CURRENT_PROJECT_VERSION = 1;
				GENERATE_INFOPLIST_FILE = YES;
				INFOPLIST_FILE = IntegrationTester/Info.plist;
				INFOPLIST_KEY_UIApplicationSupportsIndirectInputEvents = YES;
				INFOPLIST_KEY_UILaunchStoryboardName = LaunchScreen;
				INFOPLIST_KEY_UIMainStoryboardFile = Main;
				INFOPLIST_KEY_UISupportedInterfaceOrientations = UIInterfaceOrientationPortrait;
				IPHONEOS_DEPLOYMENT_TARGET = 14.0;
				LD_RUNPATH_SEARCH_PATHS = (
					"$(inherited)",
					"@executable_path/Frameworks",
				);
				MARKETING_VERSION = 1.0;
				PRODUCT_BUNDLE_IDENTIFIER = basistheory.IntegrationTester;
				PRODUCT_NAME = "$(TARGET_NAME)";
				SWIFT_EMIT_LOC_STRINGS = YES;
				SWIFT_VERSION = 5.0;
				TARGETED_DEVICE_FAMILY = "1,2";
			};
			name = Release;
		};
		924576B328FF46C200A01E70 /* Debug */ = {
			isa = XCBuildConfiguration;
			buildSettings = {
				ALWAYS_EMBED_SWIFT_STANDARD_LIBRARIES = YES;
				BUNDLE_LOADER = "$(TEST_HOST)";
				CODE_SIGN_IDENTITY = "-";
				CODE_SIGN_STYLE = Automatic;
				CURRENT_PROJECT_VERSION = 1;
				DEVELOPMENT_TEAM = "";
				GENERATE_INFOPLIST_FILE = YES;
				IPHONEOS_DEPLOYMENT_TARGET = 14.0;
				MARKETING_VERSION = 1.0;
				PRODUCT_BUNDLE_IDENTIFIER = basistheory.IntegrationTesterTests;
				PRODUCT_NAME = "$(TARGET_NAME)";
				PROVISIONING_PROFILE_SPECIFIER = "";
				SWIFT_EMIT_LOC_STRINGS = NO;
				SWIFT_VERSION = 5.0;
				TARGETED_DEVICE_FAMILY = "1,2";
				TEST_HOST = "$(BUILT_PRODUCTS_DIR)/IntegrationTester.app/$(BUNDLE_EXECUTABLE_FOLDER_PATH)/IntegrationTester";
			};
			name = Debug;
		};
		924576B428FF46C200A01E70 /* Release */ = {
			isa = XCBuildConfiguration;
			buildSettings = {
				ALWAYS_EMBED_SWIFT_STANDARD_LIBRARIES = YES;
				BUNDLE_LOADER = "$(TEST_HOST)";
				CODE_SIGN_IDENTITY = "";
				CODE_SIGN_STYLE = Manual;
				CURRENT_PROJECT_VERSION = 1;
				GENERATE_INFOPLIST_FILE = YES;
				IPHONEOS_DEPLOYMENT_TARGET = 14.0;
				MARKETING_VERSION = 1.0;
				PRODUCT_BUNDLE_IDENTIFIER = basistheory.IntegrationTesterTests;
				PRODUCT_NAME = "$(TARGET_NAME)";
				SWIFT_EMIT_LOC_STRINGS = NO;
				SWIFT_VERSION = 5.0;
				TARGETED_DEVICE_FAMILY = "1,2";
				TEST_HOST = "$(BUILT_PRODUCTS_DIR)/IntegrationTester.app/$(BUNDLE_EXECUTABLE_FOLDER_PATH)/IntegrationTester";
			};
			name = Release;
		};
		924576B628FF46C200A01E70 /* Debug */ = {
			isa = XCBuildConfiguration;
			buildSettings = {
				ALWAYS_EMBED_SWIFT_STANDARD_LIBRARIES = YES;
				CODE_SIGN_IDENTITY = "-";
				CODE_SIGN_STYLE = Automatic;
				CURRENT_PROJECT_VERSION = 1;
				DEVELOPMENT_TEAM = "";
				GCC_PREPROCESSOR_DEFINITIONS = (
					"DEBUG=1",
					"$(inherited)",
				);
				GENERATE_INFOPLIST_FILE = YES;
				HEADER_SEARCH_PATHS = (
					"$(inherited)",
					"\"${PODS_ROOT}/Headers/Public\"",
					"\"${PODS_ROOT}/Headers/Public/EarlGreyTest\"",
					"\"${PODS_ROOT}/Headers/Public/eDistantObject\"",
				);
				MARKETING_VERSION = 1.0;
				PRODUCT_BUNDLE_IDENTIFIER = basistheory.IntegrationTesterUITests;
				PRODUCT_NAME = "$(TARGET_NAME)";
				PROVISIONING_PROFILE_SPECIFIER = "";
				SWIFT_EMIT_LOC_STRINGS = NO;
				SWIFT_VERSION = 5.0;
				TARGETED_DEVICE_FAMILY = "1,2";
				TEST_TARGET_NAME = IntegrationTester;
			};
			name = Debug;
		};
		924576B728FF46C200A01E70 /* Release */ = {
			isa = XCBuildConfiguration;
			buildSettings = {
				ALWAYS_EMBED_SWIFT_STANDARD_LIBRARIES = YES;
				CODE_SIGN_IDENTITY = "";
				CODE_SIGN_STYLE = Manual;
				CURRENT_PROJECT_VERSION = 1;
				DEVELOPMENT_TEAM = "";
				GENERATE_INFOPLIST_FILE = YES;
				HEADER_SEARCH_PATHS = (
					"$(inherited)",
					"\"${PODS_ROOT}/Headers/Public\"",
					"\"${PODS_ROOT}/Headers/Public/EarlGreyTest\"",
					"\"${PODS_ROOT}/Headers/Public/eDistantObject\"",
				);
				MARKETING_VERSION = 1.0;
				PRODUCT_BUNDLE_IDENTIFIER = basistheory.IntegrationTesterUITests;
				PRODUCT_NAME = "$(TARGET_NAME)";
				PROVISIONING_PROFILE_SPECIFIER = "";
				SWIFT_EMIT_LOC_STRINGS = NO;
				SWIFT_VERSION = 5.0;
				TARGETED_DEVICE_FAMILY = "1,2";
				TEST_TARGET_NAME = IntegrationTester;
			};
			name = Release;
		};
/* End XCBuildConfiguration section */

/* Begin XCConfigurationList section */
		9245768028FF46C100A01E70 /* Build configuration list for PBXProject "IntegrationTester" */ = {
			isa = XCConfigurationList;
			buildConfigurations = (
				924576AD28FF46C200A01E70 /* Debug */,
				924576AE28FF46C200A01E70 /* Release */,
			);
			defaultConfigurationIsVisible = 0;
			defaultConfigurationName = Debug;
		};
		924576AF28FF46C200A01E70 /* Build configuration list for PBXNativeTarget "IntegrationTester" */ = {
			isa = XCConfigurationList;
			buildConfigurations = (
				924576B028FF46C200A01E70 /* Debug */,
				924576B128FF46C200A01E70 /* Release */,
			);
			defaultConfigurationIsVisible = 0;
			defaultConfigurationName = Debug;
		};
		924576B228FF46C200A01E70 /* Build configuration list for PBXNativeTarget "UnitTests" */ = {
			isa = XCConfigurationList;
			buildConfigurations = (
				924576B328FF46C200A01E70 /* Debug */,
				924576B428FF46C200A01E70 /* Release */,
			);
			defaultConfigurationIsVisible = 0;
			defaultConfigurationName = Debug;
		};
		924576B528FF46C200A01E70 /* Build configuration list for PBXNativeTarget "AcceptanceTests" */ = {
			isa = XCConfigurationList;
			buildConfigurations = (
				924576B628FF46C200A01E70 /* Debug */,
				924576B728FF46C200A01E70 /* Release */,
			);
			defaultConfigurationIsVisible = 0;
			defaultConfigurationName = Debug;
		};
/* End XCConfigurationList section */

/* Begin XCSwiftPackageProductDependency section */
		62BEB1432953A1C600E5A0CE /* BasisTheoryElements */ = {
			isa = XCSwiftPackageProductDependency;
			productName = BasisTheoryElements;
		};
		92566EA5293578B30047BFF2 /* BasisTheoryElements */ = {
			isa = XCSwiftPackageProductDependency;
			productName = BasisTheoryElements;
		};
/* End XCSwiftPackageProductDependency section */
	};
	rootObject = 9245767D28FF46C100A01E70 /* Project object */;
}
